# This file is automatically @generated by Cargo.
# It is not intended for manual editing.
[[package]]
name = "libc"
version = "0.2.66"
source = "registry+https://github.com/rust-lang/crates.io-index"

[[package]]
name = "theia"
version = "0.1.0"
dependencies = [
 "vlc-rs 0.3.0 (registry+https://github.com/rust-lang/crates.io-index)",
]

[[package]]
name = "vlc-rs"
version = "0.3.0"
source = "registry+https://github.com/rust-lang/crates.io-index"
dependencies = [
 "libc 0.2.66 (registry+https://github.com/rust-lang/crates.io-index)",
]

[metadata]
"checksum libc 0.2.66 (registry+https://github.com/rust-lang/crates.io-index)" = "d515b1f41455adea1313a4a2ac8a8a477634fbae63cc6100e3aebb207ce61558"
"checksum vlc-rs 0.3.0 (registry+https://github.com/rust-lang/crates.io-index)" = "6223b2d4a7b2977e0758cbff1cb00df37236f91de4593da47f8a2737ac59a96e"
